
Microsoft Visual Studio Solution File, Format Version 12.00
# Visual Studio Version 17
VisualStudioVersion = 17.0.32112.339
MinimumVisualStudioVersion = 10.0.40219.1
Project("{FAE04EC0-301F-11D3-BF4B-00C04F79EFBC}") = "WindowsFormsApp1", "WindowsFormsApp1.csproj", "{7C0E3E05-793A-4562-802D-4374F885F15E}"
EndProject
Global
	GlobalSection(SolutionConfigurationPlatforms) = preSolution
		Debug|Any CPU = Debug|Any CPU
		Release|Any CPU = Release|Any CPU
	EndGlobalSection
	GlobalSection(ProjectConfigurationPlatforms) = postSolution
		{7C0E3E05-793A-4562-802D-4374F885F15E}.Debug|Any CPU.ActiveCfg = Debug|Any CPU
		{7C0E3E05-793A-4562-802D-4374F885F15E}.Debug|Any CPU.Build.0 = Debug|Any CPU
		{7C0E3E05-793A-4562-802D-4374F885F15E}.Release|Any CPU.ActiveCfg = Release|Any CPU
		{7C0E3E05-793A-4562-802D-4374F885F15E}.Release|Any CPU.Build.0 = Release|Any CPU
	EndGlobalSection
	GlobalSection(SolutionProperties) = preSolution
		HideSolutionNode = FALSE
	EndGlobalSection
	GlobalSection(ExtensibilityGlobals) = postSolution
		SolutionGuid = {D4437731-9A92-45AE-9416-B79C0D7191E1}
	EndGlobalSection
EndGlobal
